// !$*UTF8*$!
{
	archiveVersion = 1;
	classes = {
	};
	objectVersion = 56;
	objects = {

/* Begin PBXBuildFile section */
		FB103E5429E4C15A000ECF09 /* Parking_AppApp.swift in Sources */ = {isa = PBXBuildFile; fileRef = FB103E5329E4C15A000ECF09 /* Parking_AppApp.swift */; };
		FB103E5629E4C15A000ECF09 /* ContentView.swift in Sources */ = {isa = PBXBuildFile; fileRef = FB103E5529E4C15A000ECF09 /* ContentView.swift */; };
		FB103E5829E4C15A000ECF09 /* Assets.xcassets in Resources */ = {isa = PBXBuildFile; fileRef = FB103E5729E4C15A000ECF09 /* Assets.xcassets */; };
		FB103E5C29E4C15A000ECF09 /* Preview Assets.xcassets in Resources */ = {isa = PBXBuildFile; fileRef = FB103E5B29E4C15A000ECF09 /* Preview Assets.xcassets */; };
		FB103E6629E4C15A000ECF09 /* Parking_AppTests.swift in Sources */ = {isa = PBXBuildFile; fileRef = FB103E6529E4C15A000ECF09 /* Parking_AppTests.swift */; };
		FB103E7029E4C15A000ECF09 /* Parking_AppUITests.swift in Sources */ = {isa = PBXBuildFile; fileRef = FB103E6F29E4C15A000ECF09 /* Parking_AppUITests.swift */; };
		FB103E7229E4C15A000ECF09 /* Parking_AppUITestsLaunchTests.swift in Sources */ = {isa = PBXBuildFile; fileRef = FB103E7129E4C15A000ECF09 /* Parking_AppUITestsLaunchTests.swift */; };
		FB103E8229E4CCBF000ECF09 /* Fonts in Resources */ = {isa = PBXBuildFile; fileRef = FB103E8129E4CCBF000ECF09 /* Fonts */; };
		FB103E8429E4F713000ECF09 /* Lots.swift in Sources */ = {isa = PBXBuildFile; fileRef = FB103E8329E4F713000ECF09 /* Lots.swift */; };
/* End PBXBuildFile section */

/* Begin PBXContainerItemProxy section */
		FB103E6229E4C15A000ECF09 /* PBXContainerItemProxy */ = {
			isa = PBXContainerItemProxy;
			containerPortal = FB103E4829E4C15A000ECF09 /* Project object */;
			proxyType = 1;
			remoteGlobalIDString = FB103E4F29E4C15A000ECF09;
			remoteInfo = "Parking App";
		};
		FB103E6C29E4C15A000ECF09 /* PBXContainerItemProxy */ = {
			isa = PBXContainerItemProxy;
			containerPortal = FB103E4829E4C15A000ECF09 /* Project object */;
			proxyType = 1;
			remoteGlobalIDString = FB103E4F29E4C15A000ECF09;
			remoteInfo = "Parking App";
		};
/* End PBXContainerItemProxy section */

/* Begin PBXFileReference section */
		FB103E5029E4C15A000ECF09 /* Parking App.app */ = {isa = PBXFileReference; explicitFileType = wrapper.application; includeInIndex = 0; path = "Parking App.app"; sourceTree = BUILT_PRODUCTS_DIR; };
		FB103E5329E4C15A000ECF09 /* Parking_AppApp.swift */ = {isa = PBXFileReference; lastKnownFileType = sourcecode.swift; path = Parking_AppApp.swift; sourceTree = "<group>"; };
		FB103E5529E4C15A000ECF09 /* ContentView.swift */ = {isa = PBXFileReference; lastKnownFileType = sourcecode.swift; path = ContentView.swift; sourceTree = "<group>"; };
		FB103E5729E4C15A000ECF09 /* Assets.xcassets */ = {isa = PBXFileReference; lastKnownFileType = folder.assetcatalog; path = Assets.xcassets; sourceTree = "<group>"; };
		FB103E5929E4C15A000ECF09 /* Parking_App.entitlements */ = {isa = PBXFileReference; lastKnownFileType = text.plist.entitlements; path = Parking_App.entitlements; sourceTree = "<group>"; };
		FB103E5B29E4C15A000ECF09 /* Preview Assets.xcassets */ = {isa = PBXFileReference; lastKnownFileType = folder.assetcatalog; path = "Preview Assets.xcassets"; sourceTree = "<group>"; };
		FB103E6129E4C15A000ECF09 /* Parking AppTests.xctest */ = {isa = PBXFileReference; explicitFileType = wrapper.cfbundle; includeInIndex = 0; path = "Parking AppTests.xctest"; sourceTree = BUILT_PRODUCTS_DIR; };
		FB103E6529E4C15A000ECF09 /* Parking_AppTests.swift */ = {isa = PBXFileReference; lastKnownFileType = sourcecode.swift; path = Parking_AppTests.swift; sourceTree = "<group>"; };
		FB103E6B29E4C15A000ECF09 /* Parking AppUITests.xctest */ = {isa = PBXFileReference; explicitFileType = wrapper.cfbundle; includeInIndex = 0; path = "Parking AppUITests.xctest"; sourceTree = BUILT_PRODUCTS_DIR; };
		FB103E6F29E4C15A000ECF09 /* Parking_AppUITests.swift */ = {isa = PBXFileReference; lastKnownFileType = sourcecode.swift; path = Parking_AppUITests.swift; sourceTree = "<group>"; };
		FB103E7129E4C15A000ECF09 /* Parking_AppUITestsLaunchTests.swift */ = {isa = PBXFileReference; lastKnownFileType = sourcecode.swift; path = Parking_AppUITestsLaunchTests.swift; sourceTree = "<group>"; };
		FB103E8129E4CCBF000ECF09 /* Fonts */ = {isa = PBXFileReference; lastKnownFileType = folder; name = Fonts; path = "../../../Downloads/Furniture-Shop-App-UI-SwiftUI-main/Furniture_app/Fonts"; sourceTree = "<group>"; };
		FB103E8329E4F713000ECF09 /* Lots.swift */ = {isa = PBXFileReference; lastKnownFileType = sourcecode.swift; path = Lots.swift; sourceTree = "<group>"; };
/* End PBXFileReference section */

/* Begin PBXFrameworksBuildPhase section */
		FB103E4D29E4C15A000ECF09 /* Frameworks */ = {
			isa = PBXFrameworksBuildPhase;
			buildActionMask = 2147483647;
			files = (
			);
			runOnlyForDeploymentPostprocessing = 0;
		};
		FB103E5E29E4C15A000ECF09 /* Frameworks */ = {
			isa = PBXFrameworksBuildPhase;
			buildActionMask = 2147483647;
			files = (
			);
			runOnlyForDeploymentPostprocessing = 0;
		};
		FB103E6829E4C15A000ECF09 /* Frameworks */ = {
			isa = PBXFrameworksBuildPhase;
			buildActionMask = 2147483647;
			files = (
			);
			runOnlyForDeploymentPostprocessing = 0;
		};
/* End PBXFrameworksBuildPhase section */

/* Begin PBXGroup section */
		FB103E4729E4C15A000ECF09 = {
			isa = PBXGroup;
			children = (
				FB103E5229E4C15A000ECF09 /* Parking App */,
				FB103E6429E4C15A000ECF09 /* Parking AppTests */,
				FB103E6E29E4C15A000ECF09 /* Parking AppUITests */,
				FB103E5129E4C15A000ECF09 /* Products */,
			);
			sourceTree = "<group>";
		};
		FB103E5129E4C15A000ECF09 /* Products */ = {
			isa = PBXGroup;
			children = (
				FB103E5029E4C15A000ECF09 /* Parking App.app */,
				FB103E6129E4C15A000ECF09 /* Parking AppTests.xctest */,
				FB103E6B29E4C15A000ECF09 /* Parking AppUITests.xctest */,
			);
			name = Products;
			sourceTree = "<group>";
		};
		FB103E5229E4C15A000ECF09 /* Parking App */ = {
			isa = PBXGroup;
			children = (
				FB103E8129E4CCBF000ECF09 /* Fonts */,
				FB103E5329E4C15A000ECF09 /* Parking_AppApp.swift */,
				FB103E5529E4C15A000ECF09 /* ContentView.swift */,
				FB103E8329E4F713000ECF09 /* Lots.swift */,
				FB103E5729E4C15A000ECF09 /* Assets.xcassets */,
				FB103E5929E4C15A000ECF09 /* Parking_App.entitlements */,
				FB103E5A29E4C15A000ECF09 /* Preview Content */,
			);
			path = "Parking App";
			sourceTree = "<group>";
		};
		FB103E5A29E4C15A000ECF09 /* Preview Content */ = {
			isa = PBXGroup;
			children = (
				FB103E5B29E4C15A000ECF09 /* Preview Assets.xcassets */,
			);
			path = "Preview Content";
			sourceTree = "<group>";
		};
		FB103E6429E4C15A000ECF09 /* Parking AppTests */ = {
			isa = PBXGroup;
			children = (
				FB103E6529E4C15A000ECF09 /* Parking_AppTests.swift */,
			);
			path = "Parking AppTests";
			sourceTree = "<group>";
		};
		FB103E6E29E4C15A000ECF09 /* Parking AppUITests */ = {
			isa = PBXGroup;
			children = (
				FB103E6F29E4C15A000ECF09 /* Parking_AppUITests.swift */,
				FB103E7129E4C15A000ECF09 /* Parking_AppUITestsLaunchTests.swift */,
			);
			path = "Parking AppUITests";
			sourceTree = "<group>";
		};
/* End PBXGroup section */

/* Begin PBXNativeTarget section */
		FB103E4F29E4C15A000ECF09 /* Parking App */ = {
			isa = PBXNativeTarget;
			buildConfigurationList = FB103E7529E4C15A000ECF09 /* Build configuration list for PBXNativeTarget "Parking App" */;
			buildPhases = (
				FB103E4C29E4C15A000ECF09 /* Sources */,
				FB103E4D29E4C15A000ECF09 /* Frameworks */,
				FB103E4E29E4C15A000ECF09 /* Resources */,
			);
			buildRules = (
			);
			dependencies = (
			);
			name = "Parking App";
			productName = "Parking App";
			productReference = FB103E5029E4C15A000ECF09 /* Parking App.app */;
			productType = "com.apple.product-type.application";
		};
		FB103E6029E4C15A000ECF09 /* Parking AppTests */ = {
			isa = PBXNativeTarget;
			buildConfigurationList = FB103E7829E4C15A000ECF09 /* Build configuration list for PBXNativeTarget "Parking AppTests" */;
			buildPhases = (
				FB103E5D29E4C15A000ECF09 /* Sources */,
				FB103E5E29E4C15A000ECF09 /* Frameworks */,
				FB103E5F29E4C15A000ECF09 /* Resources */,
			);
			buildRules = (
			);
			dependencies = (
				FB103E6329E4C15A000ECF09 /* PBXTargetDependency */,
			);
			name = "Parking AppTests";
			productName = "Parking AppTests";
			productReference = FB103E6129E4C15A000ECF09 /* Parking AppTests.xctest */;
			productType = "com.apple.product-type.bundle.unit-test";
		};
		FB103E6A29E4C15A000ECF09 /* Parking AppUITests */ = {
			isa = PBXNativeTarget;
			buildConfigurationList = FB103E7B29E4C15A000ECF09 /* Build configuration list for PBXNativeTarget "Parking AppUITests" */;
			buildPhases = (
				FB103E6729E4C15A000ECF09 /* Sources */,
				FB103E6829E4C15A000ECF09 /* Frameworks */,
				FB103E6929E4C15A000ECF09 /* Resources */,
			);
			buildRules = (
			);
			dependencies = (
				FB103E6D29E4C15A000ECF09 /* PBXTargetDependency */,
			);
			name = "Parking AppUITests";
			productName = "Parking AppUITests";
			productReference = FB103E6B29E4C15A000ECF09 /* Parking AppUITests.xctest */;
			productType = "com.apple.product-type.bundle.ui-testing";
		};
/* End PBXNativeTarget section */

/* Begin PBXProject section */
		FB103E4829E4C15A000ECF09 /* Project object */ = {
			isa = PBXProject;
			attributes = {
				BuildIndependentTargetsInParallel = 1;
				LastSwiftUpdateCheck = 1420;
				LastUpgradeCheck = 1420;
				TargetAttributes = {
					FB103E4F29E4C15A000ECF09 = {
						CreatedOnToolsVersion = 14.2;
					};
					FB103E6029E4C15A000ECF09 = {
						CreatedOnToolsVersion = 14.2;
						TestTargetID = FB103E4F29E4C15A000ECF09;
					};
					FB103E6A29E4C15A000ECF09 = {
						CreatedOnToolsVersion = 14.2;
						TestTargetID = FB103E4F29E4C15A000ECF09;
					};
				};
			};
			buildConfigurationList = FB103E4B29E4C15A000ECF09 /* Build configuration list for PBXProject "Parking App" */;
			compatibilityVersion = "Xcode 14.0";
			developmentRegion = en;
			hasScannedForEncodings = 0;
			knownRegions = (
				en,
				Base,
			);
			mainGroup = FB103E4729E4C15A000ECF09;
			productRefGroup = FB103E5129E4C15A000ECF09 /* Products */;
			projectDirPath = "";
			projectRoot = "";
			targets = (
				FB103E4F29E4C15A000ECF09 /* Parking App */,
				FB103E6029E4C15A000ECF09 /* Parking AppTests */,
				FB103E6A29E4C15A000ECF09 /* Parking AppUITests */,
			);
		};
/* End PBXProject section */

/* Begin PBXResourcesBuildPhase section */
		FB103E4E29E4C15A000ECF09 /* Resources */ = {
			isa = PBXResourcesBuildPhase;
			buildActionMask = 2147483647;
			files = (
				FB103E8229E4CCBF000ECF09 /* Fonts in Resources */,
				FB103E5C29E4C15A000ECF09 /* Preview Assets.xcassets in Resources */,
				FB103E5829E4C15A000ECF09 /* Assets.xcassets in Resources */,
			);
			runOnlyForDeploymentPostprocessing = 0;
		};
		FB103E5F29E4C15A000ECF09 /* Resources */ = {
			isa = PBXResourcesBuildPhase;
			buildActionMask = 2147483647;
			files = (
			);
			runOnlyForDeploymentPostprocessing = 0;
		};
		FB103E6929E4C15A000ECF09 /* Resources */ = {
			isa = PBXResourcesBuildPhase;
			buildActionMask = 2147483647;
			files = (
			);
			runOnlyForDeploymentPostprocessing = 0;
		};
/* End PBXResourcesBuildPhase section */

/* Begin PBXSourcesBuildPhase section */
		FB103E4C29E4C15A000ECF09 /* Sources */ = {
			isa = PBXSourcesBuildPhase;
			buildActionMask = 2147483647;
			files = (
				FB103E8429E4F713000ECF09 /* Lots.swift in Sources */,
				FB103E5629E4C15A000ECF09 /* ContentView.swift in Sources */,
				FB103E5429E4C15A000ECF09 /* Parking_AppApp.swift in Sources */,
			);
			runOnlyForDeploymentPostprocessing = 0;
		};
		FB103E5D29E4C15A000ECF09 /* Sources */ = {
			isa = PBXSourcesBuildPhase;
			buildActionMask = 2147483647;
			files = (
				FB103E6629E4C15A000ECF09 /* Parking_AppTests.swift in Sources */,
			);
			runOnlyForDeploymentPostprocessing = 0;
		};
		FB103E6729E4C15A000ECF09 /* Sources */ = {
			isa = PBXSourcesBuildPhase;
			buildActionMask = 2147483647;
			files = (
				FB103E7029E4C15A000ECF09 /* Parking_AppUITests.swift in Sources */,
				FB103E7229E4C15A000ECF09 /* Parking_AppUITestsLaunchTests.swift in Sources */,
			);
			runOnlyForDeploymentPostprocessing = 0;
		};
/* End PBXSourcesBuildPhase section */

/* Begin PBXTargetDependency section */
		FB103E6329E4C15A000ECF09 /* PBXTargetDependency */ = {
			isa = PBXTargetDependency;
			target = FB103E4F29E4C15A000ECF09 /* Parking App */;
			targetProxy = FB103E6229E4C15A000ECF09 /* PBXContainerItemProxy */;
		};
		FB103E6D29E4C15A000ECF09 /* PBXTargetDependency */ = {
			isa = PBXTargetDependency;
			target = FB103E4F29E4C15A000ECF09 /* Parking App */;
			targetProxy = FB103E6C29E4C15A000ECF09 /* PBXContainerItemProxy */;
		};
/* End PBXTargetDependency section */

/* Begin XCBuildConfiguration section */
		FB103E7329E4C15A000ECF09 /* Debug */ = {
			isa = XCBuildConfiguration;
			buildSettings = {
				ALWAYS_SEARCH_USER_PATHS = NO;
				CLANG_ANALYZER_NONNULL = YES;
				CLANG_ANALYZER_NUMBER_OBJECT_CONVERSION = YES_AGGRESSIVE;
				CLANG_CXX_LANGUAGE_STANDARD = "gnu++20";
				CLANG_ENABLE_MODULES = YES;
				CLANG_ENABLE_OBJC_ARC = YES;
				CLANG_ENABLE_OBJC_WEAK = YES;
				CLANG_WARN_BLOCK_CAPTURE_AUTORELEASING = YES;
				CLANG_WARN_BOOL_CONVERSION = YES;
				CLANG_WARN_COMMA = YES;
				CLANG_WARN_CONSTANT_CONVERSION = YES;
				CLANG_WARN_DEPRECATED_OBJC_IMPLEMENTATIONS = YES;
				CLANG_WARN_DIRECT_OBJC_ISA_USAGE = YES_ERROR;
				CLANG_WARN_DOCUMENTATION_COMMENTS = YES;
				CLANG_WARN_EMPTY_BODY = YES;
				CLANG_WARN_ENUM_CONVERSION = YES;
				CLANG_WARN_INFINITE_RECURSION = YES;
				CLANG_WARN_INT_CONVERSION = YES;
				CLANG_WARN_NON_LITERAL_NULL_CONVERSION = YES;
				CLANG_WARN_OBJC_IMPLICIT_RETAIN_SELF = YES;
				CLANG_WARN_OBJC_LITERAL_CONVERSION = YES;
				CLANG_WARN_OBJC_ROOT_CLASS = YES_ERROR;
				CLANG_WARN_QUOTED_INCLUDE_IN_FRAMEWORK_HEADER = YES;
				CLANG_WARN_RANGE_LOOP_ANALYSIS = YES;
				CLANG_WARN_STRICT_PROTOTYPES = YES;
				CLANG_WARN_SUSPICIOUS_MOVE = YES;
				CLANG_WARN_UNGUARDED_AVAILABILITY = YES_AGGRESSIVE;
				CLANG_WARN_UNREACHABLE_CODE = YES;
				CLANG_WARN__DUPLICATE_METHOD_MATCH = YES;
				COPY_PHASE_STRIP = NO;
				DEBUG_INFORMATION_FORMAT = dwarf;
				ENABLE_STRICT_OBJC_MSGSEND = YES;
				ENABLE_TESTABILITY = YES;
				GCC_C_LANGUAGE_STANDARD = gnu11;
				GCC_DYNAMIC_NO_PIC = NO;
				GCC_NO_COMMON_BLOCKS = YES;
				GCC_OPTIMIZATION_LEVEL = 0;
				GCC_PREPROCESSOR_DEFINITIONS = (
					"DEBUG=1",
					"$(inherited)",
				);
				GCC_WARN_64_TO_32_BIT_CONVERSION = YES;
				GCC_WARN_ABOUT_RETURN_TYPE = YES_ERROR;
				GCC_WARN_UNDECLARED_SELECTOR = YES;
				GCC_WARN_UNINITIALIZED_AUTOS = YES_AGGRESSIVE;
				GCC_WARN_UNUSED_FUNCTION = YES;
				GCC_WARN_UNUSED_VARIABLE = YES;
				MTL_ENABLE_DEBUG_INFO = INCLUDE_SOURCE;
				MTL_FAST_MATH = YES;
				ONLY_ACTIVE_ARCH = YES;
				SWIFT_ACTIVE_COMPILATION_CONDITIONS = DEBUG;
				SWIFT_OPTIMIZATION_LEVEL = "-Onone";
			};
			name = Debug;
		};
		FB103E7429E4C15A000ECF09 /* Release */ = {
			isa = XCBuildConfiguration;
			buildSettings = {
				ALWAYS_SEARCH_USER_PATHS = NO;
				CLANG_ANALYZER_NONNULL = YES;
				CLANG_ANALYZER_NUMBER_OBJECT_CONVERSION = YES_AGGRESSIVE;
				CLANG_CXX_LANGUAGE_STANDARD = "gnu++20";
				CLANG_ENABLE_MODULES = YES;
				CLANG_ENABLE_OBJC_ARC = YES;
				CLANG_ENABLE_OBJC_WEAK = YES;
				CLANG_WARN_BLOCK_CAPTURE_AUTORELEASING = YES;
				CLANG_WARN_BOOL_CONVERSION = YES;
				CLANG_WARN_COMMA = YES;
				CLANG_WARN_CONSTANT_CONVERSION = YES;
				CLANG_WARN_DEPRECATED_OBJC_IMPLEMENTATIONS = YES;
				CLANG_WARN_DIRECT_OBJC_ISA_USAGE = YES_ERROR;
				CLANG_WARN_DOCUMENTATION_COMMENTS = YES;
				CLANG_WARN_EMPTY_BODY = YES;
				CLANG_WARN_ENUM_CONVERSION = YES;
				CLANG_WARN_INFINITE_RECURSION = YES;
				CLANG_WARN_INT_CONVERSION = YES;
				CLANG_WARN_NON_LITERAL_NULL_CONVERSION = YES;
				CLANG_WARN_OBJC_IMPLICIT_RETAIN_SELF = YES;
				CLANG_WARN_OBJC_LITERAL_CONVERSION = YES;
				CLANG_WARN_OBJC_ROOT_CLASS = YES_ERROR;
				CLANG_WARN_QUOTED_INCLUDE_IN_FRAMEWORK_HEADER = YES;
				CLANG_WARN_RANGE_LOOP_ANALYSIS = YES;
				CLANG_WARN_STRICT_PROTOTYPES = YES;
				CLANG_WARN_SUSPICIOUS_MOVE = YES;
				CLANG_WARN_UNGUARDED_AVAILABILITY = YES_AGGRESSIVE;
				CLANG_WARN_UNREACHABLE_CODE = YES;
				CLANG_WARN__DUPLICATE_METHOD_MATCH = YES;
				COPY_PHASE_STRIP = NO;
				DEBUG_INFORMATION_FORMAT = "dwarf-with-dsym";
				ENABLE_NS_ASSERTIONS = NO;
				ENABLE_STRICT_OBJC_MSGSEND = YES;
				GCC_C_LANGUAGE_STANDARD = gnu11;
				GCC_NO_COMMON_BLOCKS = YES;
				GCC_WARN_64_TO_32_BIT_CONVERSION = YES;
				GCC_WARN_ABOUT_RETURN_TYPE = YES_ERROR;
				GCC_WARN_UNDECLARED_SELECTOR = YES;
				GCC_WARN_UNINITIALIZED_AUTOS = YES_AGGRESSIVE;
				GCC_WARN_UNUSED_FUNCTION = YES;
				GCC_WARN_UNUSED_VARIABLE = YES;
				MTL_ENABLE_DEBUG_INFO = NO;
				MTL_FAST_MATH = YES;
				SWIFT_COMPILATION_MODE = wholemodule;
				SWIFT_OPTIMIZATION_LEVEL = "-O";
			};
			name = Release;
		};
		FB103E7629E4C15A000ECF09 /* Debug */ = {
			isa = XCBuildConfiguration;
			buildSettings = {
				ASSETCATALOG_COMPILER_APPICON_NAME = AppIcon;
				ASSETCATALOG_COMPILER_GLOBAL_ACCENT_COLOR_NAME = AccentColor;
				CODE_SIGN_ENTITLEMENTS = "Parking App/Parking_App.entitlements";
				CODE_SIGN_STYLE = Automatic;
				CURRENT_PROJECT_VERSION = 1;
				DEVELOPMENT_ASSET_PATHS = "\"Parking App/Preview Content\"";
				ENABLE_PREVIEWS = YES;
				GENERATE_INFOPLIST_FILE = YES;
				"INFOPLIST_KEY_UIApplicationSceneManifest_Generation[sdk=iphoneos*]" = YES;
				"INFOPLIST_KEY_UIApplicationSceneManifest_Generation[sdk=iphonesimulator*]" = YES;
				"INFOPLIST_KEY_UIApplicationSupportsIndirectInputEvents[sdk=iphoneos*]" = YES;
				"INFOPLIST_KEY_UIApplicationSupportsIndirectInputEvents[sdk=iphonesimulator*]" = YES;
				"INFOPLIST_KEY_UILaunchScreen_Generation[sdk=iphoneos*]" = YES;
				"INFOPLIST_KEY_UILaunchScreen_Generation[sdk=iphonesimulator*]" = YES;
				"INFOPLIST_KEY_UIStatusBarStyle[sdk=iphoneos*]" = UIStatusBarStyleDefault;
				"INFOPLIST_KEY_UIStatusBarStyle[sdk=iphonesimulator*]" = UIStatusBarStyleDefault;
				INFOPLIST_KEY_UISupportedInterfaceOrientations_iPad = "UIInterfaceOrientationPortrait UIInterfaceOrientationPortraitUpsideDown UIInterfaceOrientationLandscapeLeft UIInterfaceOrientationLandscapeRight";
				INFOPLIST_KEY_UISupportedInterfaceOrientations_iPhone = "UIInterfaceOrientationPortrait UIInterfaceOrientationLandscapeLeft UIInterfaceOrientationLandscapeRight";
				IPHONEOS_DEPLOYMENT_TARGET = 16.2;
				LD_RUNPATH_SEARCH_PATHS = "@executable_path/Frameworks";
				"LD_RUNPATH_SEARCH_PATHS[sdk=macosx*]" = "@executable_path/../Frameworks";
				MACOSX_DEPLOYMENT_TARGET = 12.5;
				MARKETING_VERSION = 1.0;
				PRODUCT_BUNDLE_IDENTIFIER = "SwiftClub.Parking-App";
				PRODUCT_NAME = "$(TARGET_NAME)";
				SDKROOT = auto;
				SUPPORTED_PLATFORMS = "iphoneos iphonesimulator macosx";
				SWIFT_EMIT_LOC_STRINGS = YES;
				SWIFT_VERSION = 5.0;
				TARGETED_DEVICE_FAMILY = "1,2";
			};
			name = Debug;
		};
		FB103E7729E4C15A000ECF09 /* Release */ = {
			isa = XCBuildConfiguration;
			buildSettings = {
				ASSETCATALOG_COMPILER_APPICON_NAME = AppIcon;
				ASSETCATALOG_COMPILER_GLOBAL_ACCENT_COLOR_NAME = AccentColor;
				CODE_SIGN_ENTITLEMENTS = "Parking App/Parking_App.entitlements";
				CODE_SIGN_STYLE = Automatic;
				CURRENT_PROJECT_VERSION = 1;
				DEVELOPMENT_ASSET_PATHS = "\"Parking App/Preview Content\"";
				ENABLE_PREVIEWS = YES;
				GENERATE_INFOPLIST_FILE = YES;
				"INFOPLIST_KEY_UIApplicationSceneManifest_Generation[sdk=iphoneos*]" = YES;
				"INFOPLIST_KEY_UIApplicationSceneManifest_Generation[sdk=iphonesimulator*]" = YES;
				"INFOPLIST_KEY_UIApplicationSupportsIndirectInputEvents[sdk=iphoneos*]" = YES;
				"INFOPLIST_KEY_UIApplicationSupportsIndirectInputEvents[sdk=iphonesimulator*]" = YES;
				"INFOPLIST_KEY_UILaunchScreen_Generation[sdk=iphoneos*]" = YES;
				"INFOPLIST_KEY_UILaunchScreen_Generation[sdk=iphonesimulator*]" = YES;
				"INFOPLIST_KEY_UIStatusBarStyle[sdk=iphoneos*]" = UIStatusBarStyleDefault;
				"INFOPLIST_KEY_UIStatusBarStyle[sdk=iphonesimulator*]" = UIStatusBarStyleDefault;
				INFOPLIST_KEY_UISupportedInterfaceOrientations_iPad = "UIInterfaceOrientationPortrait UIInterfaceOrientationPortraitUpsideDown UIInterfaceOrientationLandscapeLeft UIInterfaceOrientationLandscapeRight";
				INFOPLIST_KEY_UISupportedInterfaceOrientations_iPhone = "UIInterfaceOrientationPortrait UIInterfaceOrientationLandscapeLeft UIInterfaceOrientationLandscapeRight";
				IPHONEOS_DEPLOYMENT_TARGET = 16.2;
				LD_RUNPATH_SEARCH_PATHS = "@executable_path/Frameworks";
				"LD_RUNPATH_SEARCH_PATHS[sdk=macosx*]" = "@executable_path/../Frameworks";
				MACOSX_DEPLOYMENT_TARGET = 12.5;
				MARKETING_VERSION = 1.0;
				PRODUCT_BUNDLE_IDENTIFIER = "SwiftClub.Parking-App";
				PRODUCT_NAME = "$(TARGET_NAME)";
				SDKROOT = auto;
				SUPPORTED_PLATFORMS = "iphoneos iphonesimulator macosx";
				SWIFT_EMIT_LOC_STRINGS = YES;
				SWIFT_VERSION = 5.0;
				TARGETED_DEVICE_FAMILY = "1,2";
			};
			name = Release;
		};
		FB103E7929E4C15A000ECF09 /* Debug */ = {
			isa = XCBuildConfiguration;
			buildSettings = {
				ALWAYS_EMBED_SWIFT_STANDARD_LIBRARIES = YES;
				BUNDLE_LOADER = "$(TEST_HOST)";
				CODE_SIGN_STYLE = Automatic;
				CURRENT_PROJECT_VERSION = 1;
				GENERATE_INFOPLIST_FILE = YES;
				IPHONEOS_DEPLOYMENT_TARGET = 16.2;
				MACOSX_DEPLOYMENT_TARGET = 12.5;
				MARKETING_VERSION = 1.0;
				PRODUCT_BUNDLE_IDENTIFIER = "SwiftClub.Parking-AppTests";
				PRODUCT_NAME = "$(TARGET_NAME)";
				SDKROOT = auto;
				SUPPORTED_PLATFORMS = "iphoneos iphonesimulator macosx";
				SWIFT_EMIT_LOC_STRINGS = NO;
				SWIFT_VERSION = 5.0;
				TARGETED_DEVICE_FAMILY = "1,2";
				TEST_HOST = "$(BUILT_PRODUCTS_DIR)/Parking App.app/$(BUNDLE_EXECUTABLE_FOLDER_PATH)/Parking App";
			};
			name = Debug;
		};
		FB103E7A29E4C15A000ECF09 /* Release */ = {
			isa = XCBuildConfiguration;
			buildSettings = {
				ALWAYS_EMBED_SWIFT_STANDARD_LIBRARIES = YES;
				BUNDLE_LOADER = "$(TEST_HOST)";
				CODE_SIGN_STYLE = Automatic;
				CURRENT_PROJECT_VERSION = 1;
				GENERATE_INFOPLIST_FILE = YES;
				IPHONEOS_DEPLOYMENT_TARGET = 16.2;
				MACOSX_DEPLOYMENT_TARGET = 12.5;
				MARKETING_VERSION = 1.0;
				PRODUCT_BUNDLE_IDENTIFIER = "SwiftClub.Parking-AppTests";
				PRODUCT_NAME = "$(TARGET_NAME)";
				SDKROOT = auto;
				SUPPORTED_PLATFORMS = "iphoneos iphonesimulator macosx";
				SWIFT_EMIT_LOC_STRINGS = NO;
				SWIFT_VERSION = 5.0;
				TARGETED_DEVICE_FAMILY = "1,2";
				TEST_HOST = "$(BUILT_PRODUCTS_DIR)/Parking App.app/$(BUNDLE_EXECUTABLE_FOLDER_PATH)/Parking App";
			};
			name = Release;
		};
		FB103E7C29E4C15A000ECF09 /* Debug */ = {
			isa = XCBuildConfiguration;
			buildSettings = {
				ALWAYS_EMBED_SWIFT_STANDARD_LIBRARIES = YES;
				CODE_SIGN_STYLE = Automatic;
				CURRENT_PROJECT_VERSION = 1;
				GENERATE_INFOPLIST_FILE = YES;
				IPHONEOS_DEPLOYMENT_TARGET = 16.2;
				MACOSX_DEPLOYMENT_TARGET = 12.5;
				MARKETING_VERSION = 1.0;
				PRODUCT_BUNDLE_IDENTIFIER = "SwiftClub.Parking-AppUITests";
				PRODUCT_NAME = "$(TARGET_NAME)";
				SDKROOT = auto;
				SUPPORTED_PLATFORMS = "iphoneos iphonesimulator macosx";
				SWIFT_EMIT_LOC_STRINGS = NO;
				SWIFT_VERSION = 5.0;
				TARGETED_DEVICE_FAMILY = "1,2";
				TEST_TARGET_NAME = "Parking App";
			};
			name = Debug;
		};
		FB103E7D29E4C15A000ECF09 /* Release */ = {
			isa = XCBuildConfiguration;
			buildSettings = {
				ALWAYS_EMBED_SWIFT_STANDARD_LIBRARIES = YES;
				CODE_SIGN_STYLE = Automatic;
				CURRENT_PROJECT_VERSION = 1;
				GENERATE_INFOPLIST_FILE = YES;
				IPHONEOS_DEPLOYMENT_TARGET = 16.2;
				MACOSX_DEPLOYMENT_TARGET = 12.5;
				MARKETING_VERSION = 1.0;
				PRODUCT_BUNDLE_IDENTIFIER = "SwiftClub.Parking-AppUITests";
				PRODUCT_NAME = "$(TARGET_NAME)";
				SDKROOT = auto;
				SUPPORTED_PLATFORMS = "iphoneos iphonesimulator macosx";
				SWIFT_EMIT_LOC_STRINGS = NO;
				SWIFT_VERSION = 5.0;
				TARGETED_DEVICE_FAMILY = "1,2";
				TEST_TARGET_NAME = "Parking App";
			};
			name = Release;
		};
/* End XCBuildConfiguration section */

/* Begin XCConfigurationList section */
		FB103E4B29E4C15A000ECF09 /* Build configuration list for PBXProject "Parking App" */ = {
			isa = XCConfigurationList;
			buildConfigurations = (
				FB103E7329E4C15A000ECF09 /* Debug */,
				FB103E7429E4C15A000ECF09 /* Release */,
			);
			defaultConfigurationIsVisible = 0;
			defaultConfigurationName = Release;
		};
		FB103E7529E4C15A000ECF09 /* Build configuration list for PBXNativeTarget "Parking App" */ = {
			isa = XCConfigurationList;
			buildConfigurations = (
				FB103E7629E4C15A000ECF09 /* Debug */,
				FB103E7729E4C15A000ECF09 /* Release */,
			);
			defaultConfigurationIsVisible = 0;
			defaultConfigurationName = Release;
		};
		FB103E7829E4C15A000ECF09 /* Build configuration list for PBXNativeTarget "Parking AppTests" */ = {
			isa = XCConfigurationList;
			buildConfigurations = (
				FB103E7929E4C15A000ECF09 /* Debug */,
				FB103E7A29E4C15A000ECF09 /* Release */,
			);
			defaultConfigurationIsVisible = 0;
			defaultConfigurationName = Release;
		};
		FB103E7B29E4C15A000ECF09 /* Build configuration list for PBXNativeTarget "Parking AppUITests" */ = {
			isa = XCConfigurationList;
			buildConfigurations = (
				FB103E7C29E4C15A000ECF09 /* Debug */,
				FB103E7D29E4C15A000ECF09 /* Release */,
			);
			defaultConfigurationIsVisible = 0;
			defaultConfigurationName = Release;
		};
/* End XCConfigurationList section */
	};
	rootObject = FB103E4829E4C15A000ECF09 /* Project object */;
}
